
Microsoft Visual Studio Solution File, Format Version 12.00
# Visual Studio Version 17
VisualStudioVersion = 17.2.32630.192
MinimumVisualStudioVersion = 10.0.40219.1
Project("{FAE04EC0-301F-11D3-BF4B-00C04F79EFBC}") = "OpenWeatherMap", "OpenWeatherMap\OpenWeatherMap.csproj", "{E0209191-D4F5-4A9E-99D2-746B3258765B}"
EndProject
Global
	GlobalSection(SolutionConfigurationPlatforms) = preSolution
		Debug|Any CPU = Debug|Any CPU
		Release|Any CPU = Release|Any CPU
	EndGlobalSection
	GlobalSection(ProjectConfigurationPlatforms) = postSolution
		{E0209191-D4F5-4A9E-99D2-746B3258765B}.Debug|Any CPU.ActiveCfg = Debug|Any CPU
		{E0209191-D4F5-4A9E-99D2-746B3258765B}.Debug|Any CPU.Build.0 = Debug|Any CPU
		{E0209191-D4F5-4A9E-99D2-746B3258765B}.Release|Any CPU.ActiveCfg = Release|Any CPU
		{E0209191-D4F5-4A9E-99D2-746B3258765B}.Release|Any CPU.Build.0 = Release|Any CPU
	EndGlobalSection
	GlobalSection(SolutionProperties) = preSolution
		HideSolutionNode = FALSE
	EndGlobalSection
	GlobalSection(ExtensibilityGlobals) = postSolution
		SolutionGuid = {F2D5FD18-0F2C-406F-AA7D-1741153468EA}
	EndGlobalSection
EndGlobal
